# This file was autogenerated by uv via the following command:
#    uv pip compile workers/game/motionbricks/requirements.txt --python-version 3.11 --python-platform x86_64-unknown-linux-gnu --output-file workers/game/motionbricks/requirements.lock
absl-py==2.5.0
    # via mujoco
adam-atan2-pytorch==0.1.0
    # via -r workers/game/motionbricks/requirements.txt
agent-detector==2.0.0
    # via fastapi-cloud-cli
aiodns==4.0.4
    # via aiohttp
aiohappyeyeballs==2.7.1
    # via aiohttp
aiohttp==3.14.3
    # via
    #   aiohttp-retry
    #   fsspec
    #   runpod
aiohttp-retry==2.9.1
    # via runpod
aiosignal==1.4.0
    # via aiohttp
annotated-doc==0.0.5
    # via
    #   fastapi
    #   typer
annotated-types==0.8.0
    # via pydantic
antlr4-python3-runtime==4.9.3
    # via
    #   hydra-core
    #   omegaconf
anyio==4.15.1
    # via
    #   httpx
    #   starlette
    #   watchfiles
attrs==26.1.0
    # via
    #   aiohttp
    #   jsonschema
    #   referencing
backoff==2.2.1
    # via runpod
backports-zstd==1.7.0
    # via aiohttp
bcrypt==5.0.0
    # via paramiko
boto3==1.43.91
    # via runpod
botocore==1.43.91
    # via
    #   boto3
    #   s3transfer
brotli==1.2.0
    # via aiohttp
certifi==2026.7.22
    # via
    #   httpcore
    #   httpx
    #   requests
    #   sentry-sdk
cffi==2.1.1
    # via
    #   cryptography
    #   pycares
    #   pynacl
charset-normalizer==3.5.1
    # via requests
click==8.5.0
    # via
    #   rich-toolkit
    #   runpod
    #   uvicorn
colorama==0.4.6
    # via runpod
colorlog==6.9.0
    # via -r workers/game/motionbricks/requirements.txt
contourpy==1.3.3
    # via matplotlib
cryptography==45.0.7
    # via
    #   paramiko
    #   runpod
cycler==0.12.1
    # via matplotlib
detect-installer==0.2.1
    # via fastapi-cloud-cli
dnspython==2.8.0
    # via email-validator
einops==0.8.1
    # via
    #   -r workers/game/motionbricks/requirements.txt
    #   vector-quantize-pytorch
einx==0.4.3
    # via vector-quantize-pytorch
email-validator==2.3.0
    # via
    #   fastapi
    #   pydantic
etils==1.14.0
    # via mujoco
evdev==2.0.0
    # via pynput
fastapi==0.141.1
    # via runpod
fastapi-cli==0.0.32
    # via fastapi
fastapi-cloud-cli==0.25.0
    # via fastapi-cli
fastar==0.12.0
    # via fastapi-cloud-cli
filelock==3.32.6
    # via
    #   huggingface-hub
    #   runpod
    #   torch
    #   transformers
    #   triton
fonttools==4.64.0
    # via matplotlib
frozendict==2.4.7
    # via einx
frozenlist==1.8.0
    # via
    #   aiohttp
    #   aiosignal
fsspec==2026.7.0
    # via
    #   etils
    #   huggingface-hub
    #   pytorch-lightning
    #   torch
glfw==2.10.2
    # via mujoco
h11==0.16.0
    # via
    #   httpcore
    #   uvicorn
hf-xet==1.6.0
    # via huggingface-hub
httpcore==1.0.9
    # via httpx
httptools==0.8.0
    # via uvicorn
httpx==0.28.1
    # via
    #   fastapi
    #   fastapi-cloud-cli
huggingface-hub==0.36.2
    # via
    #   tokenizers
    #   transformers
hydra-core==1.3.2
    # via -r workers/game/motionbricks/requirements.txt
idna==3.19
    # via
    #   anyio
    #   email-validator
    #   httpx
    #   requests
    #   yarl
inquirerpy==0.3.4
    # via runpod
invoke==3.0.3
    # via paramiko
itsdangerous==2.2.0
    # via fastapi
jinja2==3.1.6
    # via
    #   fastapi
    #   torch
jmespath==1.1.0
    # via
    #   boto3
    #   botocore
jsonschema==4.26.0
    # via -r workers/game/motionbricks/requirements.txt
jsonschema-specifications==2025.9.1
    # via jsonschema
kiwisolver==1.5.1
    # via matplotlib
lightning-utilities==0.15.3
    # via
    #   pytorch-lightning
    #   torchmetrics
markdown-it-py==4.2.0
    # via rich
markupsafe==3.0.3
    # via jinja2
matplotlib==3.9.4
    # via -r workers/game/motionbricks/requirements.txt
mdurl==0.1.2
    # via markdown-it-py
mpmath==1.3.0
    # via sympy
mujoco==3.2.7
    # via -r workers/game/motionbricks/requirements.txt
multidict==6.8.0
    # via
    #   aiohttp
    #   yarl
networkx==3.6.1
    # via torch
numpy==1.26.4
    # via
    #   -r workers/game/motionbricks/requirements.txt
    #   contourpy
    #   einx
    #   matplotlib
    #   mujoco
    #   pandas
    #   scipy
    #   torchmetrics
    #   transformers
nvidia-cublas-cu12==12.4.5.8
    # via
    #   nvidia-cudnn-cu12
    #   nvidia-cusolver-cu12
    #   torch
nvidia-cuda-cupti-cu12==12.4.127
    # via torch
nvidia-cuda-nvrtc-cu12==12.4.127
    # via torch
nvidia-cuda-runtime-cu12==12.4.127
    # via torch
nvidia-cudnn-cu12==9.1.0.70
    # via torch
nvidia-cufft-cu12==11.2.1.3
    # via torch
nvidia-curand-cu12==10.3.5.147
    # via torch
nvidia-cusolver-cu12==11.6.1.9
    # via torch
nvidia-cusparse-cu12==12.3.1.170
    # via
    #   nvidia-cusolver-cu12
    #   torch
nvidia-nccl-cu12==2.21.5
    # via torch
nvidia-nvjitlink-cu12==12.4.127
    # via
    #   nvidia-cusolver-cu12
    #   nvidia-cusparse-cu12
    #   torch
nvidia-nvtx-cu12==12.4.127
    # via torch
omegaconf==2.3.0
    # via
    #   -r workers/game/motionbricks/requirements.txt
    #   hydra-core
packaging==26.3
    # via
    #   huggingface-hub
    #   hydra-core
    #   lightning-utilities
    #   matplotlib
    #   pytorch-lightning
    #   torchmetrics
    #   transformers
pandas==2.2.3
    # via -r workers/game/motionbricks/requirements.txt
paramiko==5.0.0
    # via runpod
pfzy==0.3.4
    # via inquirerpy
pillow==12.3.0
    # via matplotlib
prettytable==3.18.0
    # via runpod
prompt-toolkit==3.0.53
    # via inquirerpy
propcache==0.5.2
    # via
    #   aiohttp
    #   yarl
py-cpuinfo==9.0.0
    # via runpod
pycares==5.0.1
    # via aiodns
pycparser==3.0
    # via cffi
pydantic==2.13.5
    # via
    #   fastapi
    #   fastapi-cloud-cli
    #   pydantic-extra-types
    #   pydantic-settings
pydantic-core==2.46.5
    # via pydantic
pydantic-extra-types==2.11.1
    # via fastapi
pydantic-settings==2.15.0
    # via fastapi
pygments==2.21.0
    # via rich
pynacl==1.6.2
    # via paramiko
pynput==1.8.1
    # via -r workers/game/motionbricks/requirements.txt
pyopengl==3.1.10
    # via mujoco
pyparsing==3.3.2
    # via matplotlib
python-dateutil==2.9.0.post0
    # via
    #   botocore
    #   matplotlib
    #   pandas
python-dotenv==1.2.3
    # via
    #   pydantic-settings
    #   uvicorn
python-multipart==0.0.32
    # via fastapi
python-xlib==0.33
    # via pynput
pytorch-lightning==2.5.0.post0
    # via -r workers/game/motionbricks/requirements.txt
pytz==2026.3.post1
    # via pandas
pyyaml==6.0.3
    # via
    #   fastapi
    #   huggingface-hub
    #   omegaconf
    #   pytorch-lightning
    #   transformers
    #   uvicorn
referencing==0.37.0
    # via
    #   jsonschema
    #   jsonschema-specifications
regex==2026.9.3
    # via transformers
requests==2.34.2
    # via
    #   huggingface-hub
    #   runpod
    #   transformers
rich==15.0.0
    # via
    #   rich-toolkit
    #   typer
rich-toolkit==0.20.5
    # via
    #   fastapi-cli
    #   fastapi-cloud-cli
rignore==0.8.1
    # via fastapi-cloud-cli
rpds-py==2026.6.3
    # via
    #   jsonschema
    #   referencing
runpod==1.7.13
    # via -r workers/game/motionbricks/requirements.txt
s3transfer==0.19.2
    # via boto3
safetensors==0.8.0
    # via transformers
scipy==1.14.1
    # via -r workers/game/motionbricks/requirements.txt
sentry-sdk==2.69.1
    # via fastapi-cloud-cli
shellingham==1.5.4
    # via typer
six==1.17.0
    # via
    #   pynput
    #   python-dateutil
    #   python-xlib
starlette==1.6.0
    # via fastapi
sympy==1.13.1
    # via
    #   einx
    #   torch
tokenizers==0.21.4
    # via transformers
tomli==2.4.1
    # via runpod
tomlkit==0.15.1
    # via runpod
torch==2.5.1
    # via
    #   -r workers/game/motionbricks/requirements.txt
    #   adam-atan2-pytorch
    #   pytorch-lightning
    #   torchmetrics
    #   vector-quantize-pytorch
torchmetrics==1.9.0
    # via pytorch-lightning
tqdm==4.70.0
    # via
    #   huggingface-hub
    #   pytorch-lightning
    #   tqdm-loggable
    #   transformers
tqdm-loggable==0.4.1
    # via runpod
transformers==4.48.3
    # via -r workers/game/motionbricks/requirements.txt
triton==3.1.0
    # via torch
typer==0.27.2
    # via
    #   fastapi-cli
    #   fastapi-cloud-cli
typing-extensions==4.16.0
    # via
    #   aiohttp
    #   aiosignal
    #   anyio
    #   etils
    #   fastapi
    #   huggingface-hub
    #   lightning-utilities
    #   pydantic
    #   pydantic-core
    #   pydantic-extra-types
    #   pytorch-lightning
    #   referencing
    #   rich-toolkit
    #   starlette
    #   torch
    #   typing-inspection
typing-inspection==0.4.4
    # via
    #   fastapi
    #   pydantic
    #   pydantic-settings
tzdata==2026.3
    # via pandas
urllib3==2.7.0
    # via
    #   botocore
    #   requests
    #   runpod
    #   sentry-sdk
uvicorn==0.52.4
    # via
    #   fastapi
    #   fastapi-cli
    #   fastapi-cloud-cli
uvloop==0.22.1
    # via uvicorn
vector-quantize-pytorch==1.22.17
    # via -r workers/game/motionbricks/requirements.txt
watchdog==6.0.0
    # via runpod
watchfiles==1.2.0
    # via uvicorn
wcwidth==0.8.3
    # via
    #   prettytable
    #   prompt-toolkit
websockets==17.1
    # via uvicorn
yarl==1.24.5
    # via aiohttp
zipp==4.1.0
    # via etils
